{
  "version": "1.0",
  "secrets": {
    "pat_token": {
      "hash": "5d64990a31216d3b376302ab3c4cd8ccbe3998d4d58e2fad649b8f1d5cf2dd0e",
      "created_at": "2026-06-15T13:47:18.221417+00:00",
      "updated_at": "2026-06-15T13:47:18.221417+00:00",
      "last_rotated": null,
      "rotation_count": 0,
      "targets": {
        "local/file/.env": "5d64990a31216d3b376302ab3c4cd8ccbe3998d4d58e2fad649b8f1d5cf2dd0e"
      },
      "target_provenance": {
        "local/file/.env": [
          {
            "updated_at": "2026-06-15T13:47:18.221442+00:00",
            "actor": {
              "operation": "lockfile_import",
              "client": "cli"
            }
          }
        ]
      }
    }
  },
  "secretfile": {
    "filename": "Secretfile.yml",
    "hash": "e4c6fd75d4c16fec9d3bd6dccff5302ab9c33a2fafaecac824d80313837bd956",
    "synced_at": "2026-06-15T13:47:18.221457+00:00",
    "var_files": [],
    "variables_hash": "a418f43a22d25f62de5e9f1c793d33c45fdb3fc106a01761bb599b3cc95717b2",
    "sync_identity": null,
    "manifest_spec_version": "1"
  },
  "metadata": {}
}